// !$*UTF8*$!
{
	archiveVersion = 1;
	classes = {
	};
	objectVersion = 50;
	objects = {

/* Begin PBXBuildFile section */
		69A47C8D24F2BDC300950BA2 /* AppDelegate.swift in Sources */ = {isa = PBXBuildFile; fileRef = 69A47C8C24F2BDC300950BA2 /* AppDelegate.swift */; };
		69A47C8F24F2BDC300950BA2 /* SceneDelegate.swift in Sources */ = {isa = PBXBuildFile; fileRef = 69A47C8E24F2BDC300950BA2 /* SceneDelegate.swift */; };
		69A47C9124F2BDC300950BA2 /* ViewController.swift in Sources */ = {isa = PBXBuildFile; fileRef = 69A47C9024F2BDC300950BA2 /* ViewController.swift */; };
		69A47C9424F2BDC300950BA2 /* Main.storyboard in Resources */ = {isa = PBXBuildFile; fileRef = 69A47C9224F2BDC300950BA2 /* Main.storyboard */; };
		69A47C9624F2BDC400950BA2 /* Assets.xcassets in Resources */ = {isa = PBXBuildFile; fileRef = 69A47C9524F2BDC400950BA2 /* Assets.xcassets */; };
		69A47C9924F2BDC400950BA2 /* LaunchScreen.storyboard in Resources */ = {isa = PBXBuildFile; fileRef = 69A47C9724F2BDC400950BA2 /* LaunchScreen.storyboard */; };
		69A47CA424F2BDC400950BA2 /* AR_DrawingTests.swift in Sources */ = {isa = PBXBuildFile; fileRef = 69A47CA324F2BDC400950BA2 /* AR_DrawingTests.swift */; };
		69A47CAF24F2BDC400950BA2 /* AR_DrawingUITests.swift in Sources */ = {isa = PBXBuildFile; fileRef = 69A47CAE24F2BDC400950BA2 /* AR_DrawingUITests.swift */; };
/* End PBXBuildFile section */

/* Begin PBXContainerItemProxy section */
		69A47CA024F2BDC400950BA2 /* PBXContainerItemProxy */ = {
			isa = PBXContainerItemProxy;
			containerPortal = 69A47C8124F2BDC300950BA2 /* Project object */;
			proxyType = 1;
			remoteGlobalIDString = 69A47C8824F2BDC300950BA2;
			remoteInfo = "AR Drawing";
		};
		69A47CAB24F2BDC400950BA2 /* PBXContainerItemProxy */ = {
			isa = PBXContainerItemProxy;
			containerPortal = 69A47C8124F2BDC300950BA2 /* Project object */;
			proxyType = 1;
			remoteGlobalIDString = 69A47C8824F2BDC300950BA2;
			remoteInfo = "AR Drawing";
		};
/* End PBXContainerItemProxy section */

/* Begin PBXFileReference section */
		69A47C8924F2BDC300950BA2 /* AR Drawing.app */ = {isa = PBXFileReference; explicitFileType = wrapper.application; includeInIndex = 0; path = "AR Drawing.app"; sourceTree = BUILT_PRODUCTS_DIR; };
		69A47C8C24F2BDC300950BA2 /* AppDelegate.swift */ = {isa = PBXFileReference; lastKnownFileType = sourcecode.swift; path = AppDelegate.swift; sourceTree = "<group>"; };
		69A47C8E24F2BDC300950BA2 /* SceneDelegate.swift */ = {isa = PBXFileReference; lastKnownFileType = sourcecode.swift; path = SceneDelegate.swift; sourceTree = "<group>"; };
		69A47C9024F2BDC300950BA2 /* ViewController.swift */ = {isa = PBXFileReference; lastKnownFileType = sourcecode.swift; path = ViewController.swift; sourceTree = "<group>"; };
		69A47C9324F2BDC300950BA2 /* Base */ = {isa = PBXFileReference; lastKnownFileType = file.storyboard; name = Base; path = Base.lproj/Main.storyboard; sourceTree = "<group>"; };
		69A47C9524F2BDC400950BA2 /* Assets.xcassets */ = {isa = PBXFileReference; lastKnownFileType = folder.assetcatalog; path = Assets.xcassets; sourceTree = "<group>"; };
		69A47C9824F2BDC400950BA2 /* Base */ = {isa = PBXFileReference; lastKnownFileType = file.storyboard; name = Base; path = Base.lproj/LaunchScreen.storyboard; sourceTree = "<group>"; };
		69A47C9A24F2BDC400950BA2 /* Info.plist */ = {isa = PBXFileReference; lastKnownFileType = text.plist.xml; path = Info.plist; sourceTree = "<group>"; };
		69A47C9F24F2BDC400950BA2 /* AR DrawingTests.xctest */ = {isa = PBXFileReference; explicitFileType = wrapper.cfbundle; includeInIndex = 0; path = "AR DrawingTests.xctest"; sourceTree = BUILT_PRODUCTS_DIR; };
		69A47CA324F2BDC400950BA2 /* AR_DrawingTests.swift */ = {isa = PBXFileReference; lastKnownFileType = sourcecode.swift; path = AR_DrawingTests.swift; sourceTree = "<group>"; };
		69A47CA524F2BDC400950BA2 /* Info.plist */ = {isa = PBXFileReference; lastKnownFileType = text.plist.xml; path = Info.plist; sourceTree = "<group>"; };
		69A47CAA24F2BDC400950BA2 /* AR DrawingUITests.xctest */ = {isa = PBXFileReference; explicitFileType = wrapper.cfbundle; includeInIndex = 0; path = "AR DrawingUITests.xctest"; sourceTree = BUILT_PRODUCTS_DIR; };
		69A47CAE24F2BDC400950BA2 /* AR_DrawingUITests.swift */ = {isa = PBXFileReference; lastKnownFileType = sourcecode.swift; path = AR_DrawingUITests.swift; sourceTree = "<group>"; };
		69A47CB024F2BDC400950BA2 /* Info.plist */ = {isa = PBXFileReference; lastKnownFileType = text.plist.xml; path = Info.plist; sourceTree = "<group>"; };
/* End PBXFileReference section */

/* Begin PBXFrameworksBuildPhase section */
		69A47C8624F2BDC300950BA2 /* Frameworks */ = {
			isa = PBXFrameworksBuildPhase;
			buildActionMask = 2147483647;
			files = (
			);
			runOnlyForDeploymentPostprocessing = 0;
		};
		69A47C9C24F2BDC400950BA2 /* Frameworks */ = {
			isa = PBXFrameworksBuildPhase;
			buildActionMask = 2147483647;
			files = (
			);
			runOnlyForDeploymentPostprocessing = 0;
		};
		69A47CA724F2BDC400950BA2 /* Frameworks */ = {
			isa = PBXFrameworksBuildPhase;
			buildActionMask = 2147483647;
			files = (
			);
			runOnlyForDeploymentPostprocessing = 0;
		};
/* End PBXFrameworksBuildPhase section */

/* Begin PBXGroup section */
		69A47C8024F2BDC300950BA2 = {
			isa = PBXGroup;
			children = (
				69A47C8B24F2BDC300950BA2 /* AR Drawing */,
				69A47CA224F2BDC400950BA2 /* AR DrawingTests */,
				69A47CAD24F2BDC400950BA2 /* AR DrawingUITests */,
				69A47C8A24F2BDC300950BA2 /* Products */,
			);
			sourceTree = "<group>";
		};
		69A47C8A24F2BDC300950BA2 /* Products */ = {
			isa = PBXGroup;
			children = (
				69A47C8924F2BDC300950BA2 /* AR Drawing.app */,
				69A47C9F24F2BDC400950BA2 /* AR DrawingTests.xctest */,
				69A47CAA24F2BDC400950BA2 /* AR DrawingUITests.xctest */,
			);
			name = Products;
			sourceTree = "<group>";
		};
		69A47C8B24F2BDC300950BA2 /* AR Drawing */ = {
			isa = PBXGroup;
			children = (
				69A47C8C24F2BDC300950BA2 /* AppDelegate.swift */,
				69A47C8E24F2BDC300950BA2 /* SceneDelegate.swift */,
				69A47C9024F2BDC300950BA2 /* ViewController.swift */,
				69A47C9224F2BDC300950BA2 /* Main.storyboard */,
				69A47C9524F2BDC400950BA2 /* Assets.xcassets */,
				69A47C9724F2BDC400950BA2 /* LaunchScreen.storyboard */,
				69A47C9A24F2BDC400950BA2 /* Info.plist */,
			);
			path = "AR Drawing";
			sourceTree = "<group>";
		};
		69A47CA224F2BDC400950BA2 /* AR DrawingTests */ = {
			isa = PBXGroup;
			children = (
				69A47CA324F2BDC400950BA2 /* AR_DrawingTests.swift */,
				69A47CA524F2BDC400950BA2 /* Info.plist */,
			);
			path = "AR DrawingTests";
			sourceTree = "<group>";
		};
		69A47CAD24F2BDC400950BA2 /* AR DrawingUITests */ = {
			isa = PBXGroup;
			children = (
				69A47CAE24F2BDC400950BA2 /* AR_DrawingUITests.swift */,
				69A47CB024F2BDC400950BA2 /* Info.plist */,
			);
			path = "AR DrawingUITests";
			sourceTree = "<group>";
		};
/* End PBXGroup section */

/* Begin PBXNativeTarget section */
		69A47C8824F2BDC300950BA2 /* AR Drawing */ = {
			isa = PBXNativeTarget;
			buildConfigurationList = 69A47CB324F2BDC400950BA2 /* Build configuration list for PBXNativeTarget "AR Drawing" */;
			buildPhases = (
				69A47C8524F2BDC300950BA2 /* Sources */,
				69A47C8624F2BDC300950BA2 /* Frameworks */,
				69A47C8724F2BDC300950BA2 /* Resources */,
			);
			buildRules = (
			);
			dependencies = (
			);
			name = "AR Drawing";
			productName = "AR Drawing";
			productReference = 69A47C8924F2BDC300950BA2 /* AR Drawing.app */;
			productType = "com.apple.product-type.application";
		};
		69A47C9E24F2BDC400950BA2 /* AR DrawingTests */ = {
			isa = PBXNativeTarget;
			buildConfigurationList = 69A47CB624F2BDC400950BA2 /* Build configuration list for PBXNativeTarget "AR DrawingTests" */;
			buildPhases = (
				69A47C9B24F2BDC400950BA2 /* Sources */,
				69A47C9C24F2BDC400950BA2 /* Frameworks */,
				69A47C9D24F2BDC400950BA2 /* Resources */,
			);
			buildRules = (
			);
			dependencies = (
				69A47CA124F2BDC400950BA2 /* PBXTargetDependency */,
			);
			name = "AR DrawingTests";
			productName = "AR DrawingTests";
			productReference = 69A47C9F24F2BDC400950BA2 /* AR DrawingTests.xctest */;
			productType = "com.apple.product-type.bundle.unit-test";
		};
		69A47CA924F2BDC400950BA2 /* AR DrawingUITests */ = {
			isa = PBXNativeTarget;
			buildConfigurationList = 69A47CB924F2BDC400950BA2 /* Build configuration list for PBXNativeTarget "AR DrawingUITests" */;
			buildPhases = (
				69A47CA624F2BDC400950BA2 /* Sources */,
				69A47CA724F2BDC400950BA2 /* Frameworks */,
				69A47CA824F2BDC400950BA2 /* Resources */,
			);
			buildRules = (
			);
			dependencies = (
				69A47CAC24F2BDC400950BA2 /* PBXTargetDependency */,
			);
			name = "AR DrawingUITests";
			productName = "AR DrawingUITests";
			productReference = 69A47CAA24F2BDC400950BA2 /* AR DrawingUITests.xctest */;
			productType = "com.apple.product-type.bundle.ui-testing";
		};
/* End PBXNativeTarget section */

/* Begin PBXProject section */
		69A47C8124F2BDC300950BA2 /* Project object */ = {
			isa = PBXProject;
			attributes = {
				LastSwiftUpdateCheck = 1160;
				LastUpgradeCheck = 1160;
				ORGANIZATIONNAME = "Benjamin Salter";
				TargetAttributes = {
					69A47C8824F2BDC300950BA2 = {
						CreatedOnToolsVersion = 11.6;
					};
					69A47C9E24F2BDC400950BA2 = {
						CreatedOnToolsVersion = 11.6;
						TestTargetID = 69A47C8824F2BDC300950BA2;
					};
					69A47CA924F2BDC400950BA2 = {
						CreatedOnToolsVersion = 11.6;
						TestTargetID = 69A47C8824F2BDC300950BA2;
					};
				};
			};
			buildConfigurationList = 69A47C8424F2BDC300950BA2 /* Build configuration list for PBXProject "AR Drawing" */;
			compatibilityVersion = "Xcode 9.3";
			developmentRegion = en;
			hasScannedForEncodings = 0;
			knownRegions = (
				en,
				Base,
			);
			mainGroup = 69A47C8024F2BDC300950BA2;
			productRefGroup = 69A47C8A24F2BDC300950BA2 /* Products */;
			projectDirPath = "";
			projectRoot = "";
			targets = (
				69A47C8824F2BDC300950BA2 /* AR Drawing */,
				69A47C9E24F2BDC400950BA2 /* AR DrawingTests */,
				69A47CA924F2BDC400950BA2 /* AR DrawingUITests */,
			);
		};
/* End PBXProject section */

/* Begin PBXResourcesBuildPhase section */
		69A47C8724F2BDC300950BA2 /* Resources */ = {
			isa = PBXResourcesBuildPhase;
			buildActionMask = 2147483647;
			files = (
				69A47C9924F2BDC400950BA2 /* LaunchScreen.storyboard in Resources */,
				69A47C9624F2BDC400950BA2 /* Assets.xcassets in Resources */,
				69A47C9424F2BDC300950BA2 /* Main.storyboard in Resources */,
			);
			runOnlyForDeploymentPostprocessing = 0;
		};
		69A47C9D24F2BDC400950BA2 /* Resources */ = {
			isa = PBXResourcesBuildPhase;
			buildActionMask = 2147483647;
			files = (
			);
			runOnlyForDeploymentPostprocessing = 0;
		};
		69A47CA824F2BDC400950BA2 /* Resources */ = {
			isa = PBXResourcesBuildPhase;
			buildActionMask = 2147483647;
			files = (
			);
			runOnlyForDeploymentPostprocessing = 0;
		};
/* End PBXResourcesBuildPhase section */

/* Begin PBXSourcesBuildPhase section */
		69A47C8524F2BDC300950BA2 /* Sources */ = {
			isa = PBXSourcesBuildPhase;
			buildActionMask = 2147483647;
			files = (
				69A47C9124F2BDC300950BA2 /* ViewController.swift in Sources */,
				69A47C8D24F2BDC300950BA2 /* AppDelegate.swift in Sources */,
				69A47C8F24F2BDC300950BA2 /* SceneDelegate.swift in Sources */,
			);
			runOnlyForDeploymentPostprocessing = 0;
		};
		69A47C9B24F2BDC400950BA2 /* Sources */ = {
			isa = PBXSourcesBuildPhase;
			buildActionMask = 2147483647;
			files = (
				69A47CA424F2BDC400950BA2 /* AR_DrawingTests.swift in Sources */,
			);
			runOnlyForDeploymentPostprocessing = 0;
		};
		69A47CA624F2BDC400950BA2 /* Sources */ = {
			isa = PBXSourcesBuildPhase;
			buildActionMask = 2147483647;
			files = (
				69A47CAF24F2BDC400950BA2 /* AR_DrawingUITests.swift in Sources */,
			);
			runOnlyForDeploymentPostprocessing = 0;
		};
/* End PBXSourcesBuildPhase section */

/* Begin PBXTargetDependency section */
		69A47CA124F2BDC400950BA2 /* PBXTargetDependency */ = {
			isa = PBXTargetDependency;
			target = 69A47C8824F2BDC300950BA2 /* AR Drawing */;
			targetProxy = 69A47CA024F2BDC400950BA2 /* PBXContainerItemProxy */;
		};
		69A47CAC24F2BDC400950BA2 /* PBXTargetDependency */ = {
			isa = PBXTargetDependency;
			target = 69A47C8824F2BDC300950BA2 /* AR Drawing */;
			targetProxy = 69A47CAB24F2BDC400950BA2 /* PBXContainerItemProxy */;
		};
/* End PBXTargetDependency section */

/* Begin PBXVariantGroup section */
		69A47C9224F2BDC300950BA2 /* Main.storyboard */ = {
			isa = PBXVariantGroup;
			children = (
				69A47C9324F2BDC300950BA2 /* Base */,
			);
			name = Main.storyboard;
			sourceTree = "<group>";
		};
		69A47C9724F2BDC400950BA2 /* LaunchScreen.storyboard */ = {
			isa = PBXVariantGroup;
			children = (
				69A47C9824F2BDC400950BA2 /* Base */,
			);
			name = LaunchScreen.storyboard;
			sourceTree = "<group>";
		};
/* End PBXVariantGroup section */

/* Begin XCBuildConfiguration section */
		69A47CB124F2BDC400950BA2 /* Debug */ = {
			isa = XCBuildConfiguration;
			buildSettings = {
				ALWAYS_SEARCH_USER_PATHS = NO;
				CLANG_ANALYZER_NONNULL = YES;
				CLANG_ANALYZER_NUMBER_OBJECT_CONVERSION = YES_AGGRESSIVE;
				CLANG_CXX_LANGUAGE_STANDARD = "gnu++14";
				CLANG_CXX_LIBRARY = "libc++";
				CLANG_ENABLE_MODULES = YES;
				CLANG_ENABLE_OBJC_ARC = YES;
				CLANG_ENABLE_OBJC_WEAK = YES;
				CLANG_WARN_BLOCK_CAPTURE_AUTORELEASING = YES;
				CLANG_WARN_BOOL_CONVERSION = YES;
				CLANG_WARN_COMMA = YES;
				CLANG_WARN_CONSTANT_CONVERSION = YES;
				CLANG_WARN_DEPRECATED_OBJC_IMPLEMENTATIONS = YES;
				CLANG_WARN_DIRECT_OBJC_ISA_USAGE = YES_ERROR;
				CLANG_WARN_DOCUMENTATION_COMMENTS = YES;
				CLANG_WARN_EMPTY_BODY = YES;
				CLANG_WARN_ENUM_CONVERSION = YES;
				CLANG_WARN_INFINITE_RECURSION = YES;
				CLANG_WARN_INT_CONVERSION = YES;
				CLANG_WARN_NON_LITERAL_NULL_CONVERSION = YES;
				CLANG_WARN_OBJC_IMPLICIT_RETAIN_SELF = YES;
				CLANG_WARN_OBJC_LITERAL_CONVERSION = YES;
				CLANG_WARN_OBJC_ROOT_CLASS = YES_ERROR;
				CLANG_WARN_RANGE_LOOP_ANALYSIS = YES;
				CLANG_WARN_STRICT_PROTOTYPES = YES;
				CLANG_WARN_SUSPICIOUS_MOVE = YES;
				CLANG_WARN_UNGUARDED_AVAILABILITY = YES_AGGRESSIVE;
				CLANG_WARN_UNREACHABLE_CODE = YES;
				CLANG_WARN__DUPLICATE_METHOD_MATCH = YES;
				COPY_PHASE_STRIP = NO;
				DEBUG_INFORMATION_FORMAT = dwarf;
				ENABLE_STRICT_OBJC_MSGSEND = YES;
				ENABLE_TESTABILITY = YES;
				GCC_C_LANGUAGE_STANDARD = gnu11;
				GCC_DYNAMIC_NO_PIC = NO;
				GCC_NO_COMMON_BLOCKS = YES;
				GCC_OPTIMIZATION_LEVEL = 0;
				GCC_PREPROCESSOR_DEFINITIONS = (
					"DEBUG=1",
					"$(inherited)",
				);
				GCC_WARN_64_TO_32_BIT_CONVERSION = YES;
				GCC_WARN_ABOUT_RETURN_TYPE = YES_ERROR;
				GCC_WARN_UNDECLARED_SELECTOR = YES;
				GCC_WARN_UNINITIALIZED_AUTOS = YES_AGGRESSIVE;
				GCC_WARN_UNUSED_FUNCTION = YES;
				GCC_WARN_UNUSED_VARIABLE = YES;
				IPHONEOS_DEPLOYMENT_TARGET = 13.6;
				MTL_ENABLE_DEBUG_INFO = INCLUDE_SOURCE;
				MTL_FAST_MATH = YES;
				ONLY_ACTIVE_ARCH = YES;
				SDKROOT = iphoneos;
				SWIFT_ACTIVE_COMPILATION_CONDITIONS = DEBUG;
				SWIFT_OPTIMIZATION_LEVEL = "-Onone";
			};
			name = Debug;
		};
		69A47CB224F2BDC400950BA2 /* Release */ = {
			isa = XCBuildConfiguration;
			buildSettings = {
				ALWAYS_SEARCH_USER_PATHS = NO;
				CLANG_ANALYZER_NONNULL = YES;
				CLANG_ANALYZER_NUMBER_OBJECT_CONVERSION = YES_AGGRESSIVE;
				CLANG_CXX_LANGUAGE_STANDARD = "gnu++14";
				CLANG_CXX_LIBRARY = "libc++";
				CLANG_ENABLE_MODULES = YES;
				CLANG_ENABLE_OBJC_ARC = YES;
				CLANG_ENABLE_OBJC_WEAK = YES;
				CLANG_WARN_BLOCK_CAPTURE_AUTORELEASING = YES;
				CLANG_WARN_BOOL_CONVERSION = YES;
				CLANG_WARN_COMMA = YES;
				CLANG_WARN_CONSTANT_CONVERSION = YES;
				CLANG_WARN_DEPRECATED_OBJC_IMPLEMENTATIONS = YES;
				CLANG_WARN_DIRECT_OBJC_ISA_USAGE = YES_ERROR;
				CLANG_WARN_DOCUMENTATION_COMMENTS = YES;
				CLANG_WARN_EMPTY_BODY = YES;
				CLANG_WARN_ENUM_CONVERSION = YES;
				CLANG_WARN_INFINITE_RECURSION = YES;
				CLANG_WARN_INT_CONVERSION = YES;
				CLANG_WARN_NON_LITERAL_NULL_CONVERSION = YES;
				CLANG_WARN_OBJC_IMPLICIT_RETAIN_SELF = YES;
				CLANG_WARN_OBJC_LITERAL_CONVERSION = YES;
				CLANG_WARN_OBJC_ROOT_CLASS = YES_ERROR;
				CLANG_WARN_RANGE_LOOP_ANALYSIS = YES;
				CLANG_WARN_STRICT_PROTOTYPES = YES;
				CLANG_WARN_SUSPICIOUS_MOVE = YES;
				CLANG_WARN_UNGUARDED_AVAILABILITY = YES_AGGRESSIVE;
				CLANG_WARN_UNREACHABLE_CODE = YES;
				CLANG_WARN__DUPLICATE_METHOD_MATCH = YES;
				COPY_PHASE_STRIP = NO;
				DEBUG_INFORMATION_FORMAT = "dwarf-with-dsym";
				ENABLE_NS_ASSERTIONS = NO;
				ENABLE_STRICT_OBJC_MSGSEND = YES;
				GCC_C_LANGUAGE_STANDARD = gnu11;
				GCC_NO_COMMON_BLOCKS = YES;
				GCC_WARN_64_TO_32_BIT_CONVERSION = YES;
				GCC_WARN_ABOUT_RETURN_TYPE = YES_ERROR;
				GCC_WARN_UNDECLARED_SELECTOR = YES;
				GCC_WARN_UNINITIALIZED_AUTOS = YES_AGGRESSIVE;
				GCC_WARN_UNUSED_FUNCTION = YES;
				GCC_WARN_UNUSED_VARIABLE = YES;
				IPHONEOS_DEPLOYMENT_TARGET = 13.6;
				MTL_ENABLE_DEBUG_INFO = NO;
				MTL_FAST_MATH = YES;
				SDKROOT = iphoneos;
				SWIFT_COMPILATION_MODE = wholemodule;
				SWIFT_OPTIMIZATION_LEVEL = "-O";
				VALIDATE_PRODUCT = YES;
			};
			name = Release;
		};
		69A47CB424F2BDC400950BA2 /* Debug */ = {
			isa = XCBuildConfiguration;
			buildSettings = {
				ASSETCATALOG_COMPILER_APPICON_NAME = AppIcon;
				CODE_SIGN_STYLE = Automatic;
				DEVELOPMENT_TEAM = 3524D3ATHF;
				INFOPLIST_FILE = "AR Drawing/Info.plist";
				LD_RUNPATH_SEARCH_PATHS = (
					"$(inherited)",
					"@executable_path/Frameworks",
				);
				PRODUCT_BUNDLE_IDENTIFIER = "com.bennsalter.AR-Drawing";
				PRODUCT_NAME = "$(TARGET_NAME)";
				SWIFT_VERSION = 5.0;
				TARGETED_DEVICE_FAMILY = "1,2";
			};
			name = Debug;
		};
		69A47CB524F2BDC400950BA2 /* Release */ = {
			isa = XCBuildConfiguration;
			buildSettings = {
				ASSETCATALOG_COMPILER_APPICON_NAME = AppIcon;
				CODE_SIGN_STYLE = Automatic;
				DEVELOPMENT_TEAM = 3524D3ATHF;
				INFOPLIST_FILE = "AR Drawing/Info.plist";
				LD_RUNPATH_SEARCH_PATHS = (
					"$(inherited)",
					"@executable_path/Frameworks",
				);
				PRODUCT_BUNDLE_IDENTIFIER = "com.bennsalter.AR-Drawing";
				PRODUCT_NAME = "$(TARGET_NAME)";
				SWIFT_VERSION = 5.0;
				TARGETED_DEVICE_FAMILY = "1,2";
			};
			name = Release;
		};
		69A47CB724F2BDC400950BA2 /* Debug */ = {
			isa = XCBuildConfiguration;
			buildSettings = {
				ALWAYS_EMBED_SWIFT_STANDARD_LIBRARIES = YES;
				BUNDLE_LOADER = "$(TEST_HOST)";
				CODE_SIGN_STYLE = Automatic;
				INFOPLIST_FILE = "AR DrawingTests/Info.plist";
				IPHONEOS_DEPLOYMENT_TARGET = 13.6;
				LD_RUNPATH_SEARCH_PATHS = (
					"$(inherited)",
					"@executable_path/Frameworks",
					"@loader_path/Frameworks",
				);
				PRODUCT_BUNDLE_IDENTIFIER = "com.bennsalter.AR-DrawingTests";
				PRODUCT_NAME = "$(TARGET_NAME)";
				SWIFT_VERSION = 5.0;
				TARGETED_DEVICE_FAMILY = "1,2";
				TEST_HOST = "$(BUILT_PRODUCTS_DIR)/AR Drawing.app/AR Drawing";
			};
			name = Debug;
		};
		69A47CB824F2BDC400950BA2 /* Release */ = {
			isa = XCBuildConfiguration;
			buildSettings = {
				ALWAYS_EMBED_SWIFT_STANDARD_LIBRARIES = YES;
				BUNDLE_LOADER = "$(TEST_HOST)";
				CODE_SIGN_STYLE = Automatic;
				INFOPLIST_FILE = "AR DrawingTests/Info.plist";
				IPHONEOS_DEPLOYMENT_TARGET = 13.6;
				LD_RUNPATH_SEARCH_PATHS = (
					"$(inherited)",
					"@executable_path/Frameworks",
					"@loader_path/Frameworks",
				);
				PRODUCT_BUNDLE_IDENTIFIER = "com.bennsalter.AR-DrawingTests";
				PRODUCT_NAME = "$(TARGET_NAME)";
				SWIFT_VERSION = 5.0;
				TARGETED_DEVICE_FAMILY = "1,2";
				TEST_HOST = "$(BUILT_PRODUCTS_DIR)/AR Drawing.app/AR Drawing";
			};
			name = Release;
		};
		69A47CBA24F2BDC400950BA2 /* Debug */ = {
			isa = XCBuildConfiguration;
			buildSettings = {
				ALWAYS_EMBED_SWIFT_STANDARD_LIBRARIES = YES;
				CODE_SIGN_STYLE = Automatic;
				INFOPLIST_FILE = "AR DrawingUITests/Info.plist";
				LD_RUNPATH_SEARCH_PATHS = (
					"$(inherited)",
					"@executable_path/Frameworks",
					"@loader_path/Frameworks",
				);
				PRODUCT_BUNDLE_IDENTIFIER = "com.bennsalter.AR-DrawingUITests";
				PRODUCT_NAME = "$(TARGET_NAME)";
				SWIFT_VERSION = 5.0;
				TARGETED_DEVICE_FAMILY = "1,2";
				TEST_TARGET_NAME = "AR Drawing";
			};
			name = Debug;
		};
		69A47CBB24F2BDC400950BA2 /* Release */ = {
			isa = XCBuildConfiguration;
			buildSettings = {
				ALWAYS_EMBED_SWIFT_STANDARD_LIBRARIES = YES;
				CODE_SIGN_STYLE = Automatic;
				INFOPLIST_FILE = "AR DrawingUITests/Info.plist";
				LD_RUNPATH_SEARCH_PATHS = (
					"$(inherited)",
					"@executable_path/Frameworks",
					"@loader_path/Frameworks",
				);
				PRODUCT_BUNDLE_IDENTIFIER = "com.bennsalter.AR-DrawingUITests";
				PRODUCT_NAME = "$(TARGET_NAME)";
				SWIFT_VERSION = 5.0;
				TARGETED_DEVICE_FAMILY = "1,2";
				TEST_TARGET_NAME = "AR Drawing";
			};
			name = Release;
		};
/* End XCBuildConfiguration section */

/* Begin XCConfigurationList section */
		69A47C8424F2BDC300950BA2 /* Build configuration list for PBXProject "AR Drawing" */ = {
			isa = XCConfigurationList;
			buildConfigurations = (
				69A47CB124F2BDC400950BA2 /* Debug */,
				69A47CB224F2BDC400950BA2 /* Release */,
			);
			defaultConfigurationIsVisible = 0;
			defaultConfigurationName = Release;
		};
		69A47CB324F2BDC400950BA2 /* Build configuration list for PBXNativeTarget "AR Drawing" */ = {
			isa = XCConfigurationList;
			buildConfigurations = (
				69A47CB424F2BDC400950BA2 /* Debug */,
				69A47CB524F2BDC400950BA2 /* Release */,
			);
			defaultConfigurationIsVisible = 0;
			defaultConfigurationName = Release;
		};
		69A47CB624F2BDC400950BA2 /* Build configuration list for PBXNativeTarget "AR DrawingTests" */ = {
			isa = XCConfigurationList;
			buildConfigurations = (
				69A47CB724F2BDC400950BA2 /* Debug */,
				69A47CB824F2BDC400950BA2 /* Release */,
			);
			defaultConfigurationIsVisible = 0;
			defaultConfigurationName = Release;
		};
		69A47CB924F2BDC400950BA2 /* Build configuration list for PBXNativeTarget "AR DrawingUITests" */ = {
			isa = XCConfigurationList;
			buildConfigurations = (
				69A47CBA24F2BDC400950BA2 /* Debug */,
				69A47CBB24F2BDC400950BA2 /* Release */,
			);
			defaultConfigurationIsVisible = 0;
			defaultConfigurationName = Release;
		};
/* End XCConfigurationList section */
	};
	rootObject = 69A47C8124F2BDC300950BA2 /* Project object */;
}
